// !$*UTF8*$!
{
	archiveVersion = 1;
	classes = {
	};
	objectVersion = 46;
	objects = {

/* Begin PBXBuildFile section */
		308879D11B79C9C800465123 /* main.m in Sources */ = {isa = PBXBuildFile; fileRef = 308879D01B79C9C800465123 /* main.m */; };
		308879D41B79C9C800465123 /* AppDelegate.m in Sources */ = {isa = PBXBuildFile; fileRef = 308879D31B79C9C800465123 /* AppDelegate.m */; };
		308879D71B79C9C800465123 /* ViewController.m in Sources */ = {isa = PBXBuildFile; fileRef = 308879D61B79C9C800465123 /* ViewController.m */; };
		308879DA1B79C9C800465123 /* Main.storyboard in Resources */ = {isa = PBXBuildFile; fileRef = 308879D81B79C9C800465123 /* Main.storyboard */; };
		308879DC1B79C9C800465123 /* Images.xcassets in Resources */ = {isa = PBXBuildFile; fileRef = 308879DB1B79C9C800465123 /* Images.xcassets */; };
		308879DF1B79C9C800465123 /* LaunchScreen.xib in Resources */ = {isa = PBXBuildFile; fileRef = 308879DD1B79C9C800465123 /* LaunchScreen.xib */; };
		308879EB1B79C9C800465123 /* YWNSDateTests.m in Sources */ = {isa = PBXBuildFile; fileRef = 308879EA1B79C9C800465123 /* YWNSDateTests.m */; };
/* End PBXBuildFile section */

/* Begin PBXContainerItemProxy section */
		308879E51B79C9C800465123 /* PBXContainerItemProxy */ = {
			isa = PBXContainerItemProxy;
			containerPortal = 308879C31B79C9C800465123 /* Project object */;
			proxyType = 1;
			remoteGlobalIDString = 308879CA1B79C9C800465123;
			remoteInfo = YWNSDate;
		};
/* End PBXContainerItemProxy section */

/* Begin PBXFileReference section */
		308879CB1B79C9C800465123 /* YWNSDate.app */ = {isa = PBXFileReference; explicitFileType = wrapper.application; includeInIndex = 0; path = YWNSDate.app; sourceTree = BUILT_PRODUCTS_DIR; };
		308879CF1B79C9C800465123 /* Info.plist */ = {isa = PBXFileReference; lastKnownFileType = text.plist.xml; path = Info.plist; sourceTree = "<group>"; };
		308879D01B79C9C800465123 /* main.m */ = {isa = PBXFileReference; lastKnownFileType = sourcecode.c.objc; path = main.m; sourceTree = "<group>"; };
		308879D21B79C9C800465123 /* AppDelegate.h */ = {isa = PBXFileReference; lastKnownFileType = sourcecode.c.h; path = AppDelegate.h; sourceTree = "<group>"; };
		308879D31B79C9C800465123 /* AppDelegate.m */ = {isa = PBXFileReference; lastKnownFileType = sourcecode.c.objc; path = AppDelegate.m; sourceTree = "<group>"; };
		308879D51B79C9C800465123 /* ViewController.h */ = {isa = PBXFileReference; lastKnownFileType = sourcecode.c.h; path = ViewController.h; sourceTree = "<group>"; };
		308879D61B79C9C800465123 /* ViewController.m */ = {isa = PBXFileReference; lastKnownFileType = sourcecode.c.objc; path = ViewController.m; sourceTree = "<group>"; };
		308879D91B79C9C800465123 /* Base */ = {isa = PBXFileReference; lastKnownFileType = file.storyboard; name = Base; path = Base.lproj/Main.storyboard; sourceTree = "<group>"; };
		308879DB1B79C9C800465123 /* Images.xcassets */ = {isa = PBXFileReference; lastKnownFileType = folder.assetcatalog; path = Images.xcassets; sourceTree = "<group>"; };
		308879DE1B79C9C800465123 /* Base */ = {isa = PBXFileReference; lastKnownFileType = file.xib; name = Base; path = Base.lproj/LaunchScreen.xib; sourceTree = "<group>"; };
		308879E41B79C9C800465123 /* YWNSDateTests.xctest */ = {isa = PBXFileReference; explicitFileType = wrapper.cfbundle; includeInIndex = 0; path = YWNSDateTests.xctest; sourceTree = BUILT_PRODUCTS_DIR; };
		308879E91B79C9C800465123 /* Info.plist */ = {isa = PBXFileReference; lastKnownFileType = text.plist.xml; path = Info.plist; sourceTree = "<group>"; };
		308879EA1B79C9C800465123 /* YWNSDateTests.m */ = {isa = PBXFileReference; lastKnownFileType = sourcecode.c.objc; path = YWNSDateTests.m; sourceTree = "<group>"; };
/* End PBXFileReference section */

/* Begin PBXFrameworksBuildPhase section */
		308879C81B79C9C800465123 /* Frameworks */ = {
			isa = PBXFrameworksBuildPhase;
			buildActionMask = 2147483647;
			files = (
			);
			runOnlyForDeploymentPostprocessing = 0;
		};
		308879E11B79C9C800465123 /* Frameworks */ = {
			isa = PBXFrameworksBuildPhase;
			buildActionMask = 2147483647;
			files = (
			);
			runOnlyForDeploymentPostprocessing = 0;
		};
/* End PBXFrameworksBuildPhase section */

/* Begin PBXGroup section */
		308879C21B79C9C800465123 = {
			isa = PBXGroup;
			children = (
				308879CD1B79C9C800465123 /* YWNSDate */,
				308879E71B79C9C800465123 /* YWNSDateTests */,
				308879CC1B79C9C800465123 /* Products */,
			);
			sourceTree = "<group>";
		};
		308879CC1B79C9C800465123 /* Products */ = {
			isa = PBXGroup;
			children = (
				308879CB1B79C9C800465123 /* YWNSDate.app */,
				308879E41B79C9C800465123 /* YWNSDateTests.xctest */,
			);
			name = Products;
			sourceTree = "<group>";
		};
		308879CD1B79C9C800465123 /* YWNSDate */ = {
			isa = PBXGroup;
			children = (
				308879D21B79C9C800465123 /* AppDelegate.h */,
				308879D31B79C9C800465123 /* AppDelegate.m */,
				308879D51B79C9C800465123 /* ViewController.h */,
				308879D61B79C9C800465123 /* ViewController.m */,
				308879D81B79C9C800465123 /* Main.storyboard */,
				308879DB1B79C9C800465123 /* Images.xcassets */,
				308879DD1B79C9C800465123 /* LaunchScreen.xib */,
				308879CE1B79C9C800465123 /* Supporting Files */,
			);
			path = YWNSDate;
			sourceTree = "<group>";
		};
		308879CE1B79C9C800465123 /* Supporting Files */ = {
			isa = PBXGroup;
			children = (
				308879CF1B79C9C800465123 /* Info.plist */,
				308879D01B79C9C800465123 /* main.m */,
			);
			name = "Supporting Files";
			sourceTree = "<group>";
		};
		308879E71B79C9C800465123 /* YWNSDateTests */ = {
			isa = PBXGroup;
			children = (
				308879EA1B79C9C800465123 /* YWNSDateTests.m */,
				308879E81B79C9C800465123 /* Supporting Files */,
			);
			path = YWNSDateTests;
			sourceTree = "<group>";
		};
		308879E81B79C9C800465123 /* Supporting Files */ = {
			isa = PBXGroup;
			children = (
				308879E91B79C9C800465123 /* Info.plist */,
			);
			name = "Supporting Files";
			sourceTree = "<group>";
		};
/* End PBXGroup section */

/* Begin PBXNativeTarget section */
		308879CA1B79C9C800465123 /* YWNSDate */ = {
			isa = PBXNativeTarget;
			buildConfigurationList = 308879EE1B79C9C800465123 /* Build configuration list for PBXNativeTarget "YWNSDate" */;
			buildPhases = (
				308879C71B79C9C800465123 /* Sources */,
				308879C81B79C9C800465123 /* Frameworks */,
				308879C91B79C9C800465123 /* Resources */,
			);
			buildRules = (
			);
			dependencies = (
			);
			name = YWNSDate;
			productName = YWNSDate;
			productReference = 308879CB1B79C9C800465123 /* YWNSDate.app */;
			productType = "com.apple.product-type.application";
		};
		308879E31B79C9C800465123 /* YWNSDateTests */ = {
			isa = PBXNativeTarget;
			buildConfigurationList = 308879F11B79C9C800465123 /* Build configuration list for PBXNativeTarget "YWNSDateTests" */;
			buildPhases = (
				308879E01B79C9C800465123 /* Sources */,
				308879E11B79C9C800465123 /* Frameworks */,
				308879E21B79C9C800465123 /* Resources */,
			);
			buildRules = (
			);
			dependencies = (
				308879E61B79C9C800465123 /* PBXTargetDependency */,
			);
			name = YWNSDateTests;
			productName = YWNSDateTests;
			productReference = 308879E41B79C9C800465123 /* YWNSDateTests.xctest */;
			productType = "com.apple.product-type.bundle.unit-test";
		};
/* End PBXNativeTarget section */

/* Begin PBXProject section */
		308879C31B79C9C800465123 /* Project object */ = {
			isa = PBXProject;
			attributes = {
				LastUpgradeCheck = 0640;
				ORGANIZATIONNAME = Yoni;
				TargetAttributes = {
					308879CA1B79C9C800465123 = {
						CreatedOnToolsVersion = 6.4;
					};
					308879E31B79C9C800465123 = {
						CreatedOnToolsVersion = 6.4;
						TestTargetID = 308879CA1B79C9C800465123;
					};
				};
			};
			buildConfigurationList = 308879C61B79C9C800465123 /* Build configuration list for PBXProject "YWNSDate" */;
			compatibilityVersion = "Xcode 3.2";
			developmentRegion = English;
			hasScannedForEncodings = 0;
			knownRegions = (
				en,
				Base,
			);
			mainGroup = 308879C21B79C9C800465123;
			productRefGroup = 308879CC1B79C9C800465123 /* Products */;
			projectDirPath = "";
			projectRoot = "";
			targets = (
				308879CA1B79C9C800465123 /* YWNSDate */,
				308879E31B79C9C800465123 /* YWNSDateTests */,
			);
		};
/* End PBXProject section */

/* Begin PBXResourcesBuildPhase section */
		308879C91B79C9C800465123 /* Resources */ = {
			isa = PBXResourcesBuildPhase;
			buildActionMask = 2147483647;
			files = (
				308879DA1B79C9C800465123 /* Main.storyboard in Resources */,
				308879DF1B79C9C800465123 /* LaunchScreen.xib in Resources */,
				308879DC1B79C9C800465123 /* Images.xcassets in Resources */,
			);
			runOnlyForDeploymentPostprocessing = 0;
		};
		308879E21B79C9C800465123 /* Resources */ = {
			isa = PBXResourcesBuildPhase;
			buildActionMask = 2147483647;
			files = (
			);
			runOnlyForDeploymentPostprocessing = 0;
		};
/* End PBXResourcesBuildPhase section */

/* Begin PBXSourcesBuildPhase section */
		308879C71B79C9C800465123 /* Sources */ = {
			isa = PBXSourcesBuildPhase;
			buildActionMask = 2147483647;
			files = (
				308879D71B79C9C800465123 /* ViewController.m in Sources */,
				308879D41B79C9C800465123 /* AppDelegate.m in Sources */,
				308879D11B79C9C800465123 /* main.m in Sources */,
			);
			runOnlyForDeploymentPostprocessing = 0;
		};
		308879E01B79C9C800465123 /* Sources */ = {
			isa = PBXSourcesBuildPhase;
			buildActionMask = 2147483647;
			files = (
				308879EB1B79C9C800465123 /* YWNSDateTests.m in Sources */,
			);
			runOnlyForDeploymentPostprocessing = 0;
		};
/* End PBXSourcesBuildPhase section */

/* Begin PBXTargetDependency section */
		308879E61B79C9C800465123 /* PBXTargetDependency */ = {
			isa = PBXTargetDependency;
			target = 308879CA1B79C9C800465123 /* YWNSDate */;
			targetProxy = 308879E51B79C9C800465123 /* PBXContainerItemProxy */;
		};
/* End PBXTargetDependency section */

/* Begin PBXVariantGroup section */
		308879D81B79C9C800465123 /* Main.storyboard */ = {
			isa = PBXVariantGroup;
			children = (
				308879D91B79C9C800465123 /* Base */,
			);
			name = Main.storyboard;
			sourceTree = "<group>";
		};
		308879DD1B79C9C800465123 /* LaunchScreen.xib */ = {
			isa = PBXVariantGroup;
			children = (
				308879DE1B79C9C800465123 /* Base */,
			);
			name = LaunchScreen.xib;
			sourceTree = "<group>";
		};
/* End PBXVariantGroup section */

/* Begin XCBuildConfiguration section */
		308879EC1B79C9C800465123 /* Debug */ = {
			isa = XCBuildConfiguration;
			buildSettings = {
				ALWAYS_SEARCH_USER_PATHS = NO;
				CLANG_CXX_LANGUAGE_STANDARD = "gnu++0x";
				CLANG_CXX_LIBRARY = "libc++";
				CLANG_ENABLE_MODULES = YES;
				CLANG_ENABLE_OBJC_ARC = YES;
				CLANG_WARN_BOOL_CONVERSION = YES;
				CLANG_WARN_CONSTANT_CONVERSION = YES;
				CLANG_WARN_DIRECT_OBJC_ISA_USAGE = YES_ERROR;
				CLANG_WARN_EMPTY_BODY = YES;
				CLANG_WARN_ENUM_CONVERSION = YES;
				CLANG_WARN_INT_CONVERSION = YES;
				CLANG_WARN_OBJC_ROOT_CLASS = YES_ERROR;
				CLANG_WARN_UNREACHABLE_CODE = YES;
				CLANG_WARN__DUPLICATE_METHOD_MATCH = YES;
				"CODE_SIGN_IDENTITY[sdk=iphoneos*]" = "iPhone Developer";
				COPY_PHASE_STRIP = NO;
				DEBUG_INFORMATION_FORMAT = "dwarf-with-dsym";
				ENABLE_STRICT_OBJC_MSGSEND = YES;
				GCC_C_LANGUAGE_STANDARD = gnu99;
				GCC_DYNAMIC_NO_PIC = NO;
				GCC_NO_COMMON_BLOCKS = YES;
				GCC_OPTIMIZATION_LEVEL = 0;
				GCC_PREPROCESSOR_DEFINITIONS = (
					"DEBUG=1",
					"$(inherited)",
				);
				GCC_SYMBOLS_PRIVATE_EXTERN = NO;
				GCC_WARN_64_TO_32_BIT_CONVERSION = YES;
				GCC_WARN_ABOUT_RETURN_TYPE = YES_ERROR;
				GCC_WARN_UNDECLARED_SELECTOR = YES;
				GCC_WARN_UNINITIALIZED_AUTOS = YES_AGGRESSIVE;
				GCC_WARN_UNUSED_FUNCTION = YES;
				GCC_WARN_UNUSED_VARIABLE = YES;
				IPHONEOS_DEPLOYMENT_TARGET = 8.4;
				MTL_ENABLE_DEBUG_INFO = YES;
				ONLY_ACTIVE_ARCH = YES;
				SDKROOT = iphoneos;
			};
			name = Debug;
		};
		308879ED1B79C9C800465123 /* Release */ = {
			isa = XCBuildConfiguration;
			buildSettings = {
				ALWAYS_SEARCH_USER_PATHS = NO;
				CLANG_CXX_LANGUAGE_STANDARD = "gnu++0x";
				CLANG_CXX_LIBRARY = "libc++";
				CLANG_ENABLE_MODULES = YES;
				CLANG_ENABLE_OBJC_ARC = YES;
				CLANG_WARN_BOOL_CONVERSION = YES;
				CLANG_WARN_CONSTANT_CONVERSION = YES;
				CLANG_WARN_DIRECT_OBJC_ISA_USAGE = YES_ERROR;
				CLANG_WARN_EMPTY_BODY = YES;
				CLANG_WARN_ENUM_CONVERSION = YES;
				CLANG_WARN_INT_CONVERSION = YES;
				CLANG_WARN_OBJC_ROOT_CLASS = YES_ERROR;
				CLANG_WARN_UNREACHABLE_CODE = YES;
				CLANG_WARN__DUPLICATE_METHOD_MATCH = YES;
				"CODE_SIGN_IDENTITY[sdk=iphoneos*]" = "iPhone Developer";
				COPY_PHASE_STRIP = NO;
				DEBUG_INFORMATION_FORMAT = "dwarf-with-dsym";
				ENABLE_NS_ASSERTIONS = NO;
				ENABLE_STRICT_OBJC_MSGSEND = YES;
				GCC_C_LANGUAGE_STANDARD = gnu99;
				GCC_NO_COMMON_BLOCKS = YES;
				GCC_WARN_64_TO_32_BIT_CONVERSION = YES;
				GCC_WARN_ABOUT_RETURN_TYPE = YES_ERROR;
				GCC_WARN_UNDECLARED_SELECTOR = YES;
				GCC_WARN_UNINITIALIZED_AUTOS = YES_AGGRESSIVE;
				GCC_WARN_UNUSED_FUNCTION = YES;
				GCC_WARN_UNUSED_VARIABLE = YES;
				IPHONEOS_DEPLOYMENT_TARGET = 8.4;
				MTL_ENABLE_DEBUG_INFO = NO;
				SDKROOT = iphoneos;
				VALIDATE_PRODUCT = YES;
			};
			name = Release;
		};
		308879EF1B79C9C800465123 /* Debug */ = {
			isa = XCBuildConfiguration;
			buildSettings = {
				ASSETCATALOG_COMPILER_APPICON_NAME = AppIcon;
				INFOPLIST_FILE = YWNSDate/Info.plist;
				LD_RUNPATH_SEARCH_PATHS = "$(inherited) @executable_path/Frameworks";
				PRODUCT_NAME = "$(TARGET_NAME)";
			};
			name = Debug;
		};
		308879F01B79C9C800465123 /* Release */ = {
			isa = XCBuildConfiguration;
			buildSettings = {
				ASSETCATALOG_COMPILER_APPICON_NAME = AppIcon;
				INFOPLIST_FILE = YWNSDate/Info.plist;
				LD_RUNPATH_SEARCH_PATHS = "$(inherited) @executable_path/Frameworks";
				PRODUCT_NAME = "$(TARGET_NAME)";
			};
			name = Release;
		};
		308879F21B79C9C800465123 /* Debug */ = {
			isa = XCBuildConfiguration;
			buildSettings = {
				BUNDLE_LOADER = "$(TEST_HOST)";
				FRAMEWORK_SEARCH_PATHS = (
					"$(SDKROOT)/Developer/Library/Frameworks",
					"$(inherited)",
				);
				GCC_PREPROCESSOR_DEFINITIONS = (
					"DEBUG=1",
					"$(inherited)",
				);
				INFOPLIST_FILE = YWNSDateTests/Info.plist;
				LD_RUNPATH_SEARCH_PATHS = "$(inherited) @executable_path/Frameworks @loader_path/Frameworks";
				PRODUCT_NAME = "$(TARGET_NAME)";
				TEST_HOST = "$(BUILT_PRODUCTS_DIR)/YWNSDate.app/YWNSDate";
			};
			name = Debug;
		};
		308879F31B79C9C800465123 /* Release */ = {
			isa = XCBuildConfiguration;
			buildSettings = {
				BUNDLE_LOADER = "$(TEST_HOST)";
				FRAMEWORK_SEARCH_PATHS = (
					"$(SDKROOT)/Developer/Library/Frameworks",
					"$(inherited)",
				);
				INFOPLIST_FILE = YWNSDateTests/Info.plist;
				LD_RUNPATH_SEARCH_PATHS = "$(inherited) @executable_path/Frameworks @loader_path/Frameworks";
				PRODUCT_NAME = "$(TARGET_NAME)";
				TEST_HOST = "$(BUILT_PRODUCTS_DIR)/YWNSDate.app/YWNSDate";
			};
			name = Release;
		};
/* End XCBuildConfiguration section */

/* Begin XCConfigurationList section */
		308879C61B79C9C800465123 /* Build configuration list for PBXProject "YWNSDate" */ = {
			isa = XCConfigurationList;
			buildConfigurations = (
				308879EC1B79C9C800465123 /* Debug */,
				308879ED1B79C9C800465123 /* Release */,
			);
			defaultConfigurationIsVisible = 0;
			defaultConfigurationName = Release;
		};
		308879EE1B79C9C800465123 /* Build configuration list for PBXNativeTarget "YWNSDate" */ = {
			isa = XCConfigurationList;
			buildConfigurations = (
				308879EF1B79C9C800465123 /* Debug */,
				308879F01B79C9C800465123 /* Release */,
			);
			defaultConfigurationIsVisible = 0;
		};
		308879F11B79C9C800465123 /* Build configuration list for PBXNativeTarget "YWNSDateTests" */ = {
			isa = XCConfigurationList;
			buildConfigurations = (
				308879F21B79C9C800465123 /* Debug */,
				308879F31B79C9C800465123 /* Release */,
			);
			defaultConfigurationIsVisible = 0;
		};
/* End XCConfigurationList section */
	};
	rootObject = 308879C31B79C9C800465123 /* Project object */;
}
